// !$*UTF8*$!
{
	archiveVersion = 1;
	classes = {
	};
	objectVersion = 56;
	objects = {

/* Begin PBXBuildFile section */
		FC7182032A2E82270095581C /* MarvelComics_SwiftUIApp.swift in Sources */ = {isa = PBXBuildFile; fileRef = FC7182022A2E82270095581C /* MarvelComics_SwiftUIApp.swift */; };
		FC7182052A2E82270095581C /* ContentView.swift in Sources */ = {isa = PBXBuildFile; fileRef = FC7182042A2E82270095581C /* ContentView.swift */; };
		FC7182072A2E82280095581C /* Assets.xcassets in Resources */ = {isa = PBXBuildFile; fileRef = FC7182062A2E82280095581C /* Assets.xcassets */; };
		FC71820A2A2E82280095581C /* Preview Assets.xcassets in Resources */ = {isa = PBXBuildFile; fileRef = FC7182092A2E82280095581C /* Preview Assets.xcassets */; };
		FC7182142A2E82280095581C /* MarvelComics_SwiftUITests.swift in Sources */ = {isa = PBXBuildFile; fileRef = FC7182132A2E82280095581C /* MarvelComics_SwiftUITests.swift */; };
		FC71821E2A2E82280095581C /* MarvelComics_SwiftUIUITests.swift in Sources */ = {isa = PBXBuildFile; fileRef = FC71821D2A2E82280095581C /* MarvelComics_SwiftUIUITests.swift */; };
		FC7182202A2E82280095581C /* MarvelComics_SwiftUIUITestsLaunchTests.swift in Sources */ = {isa = PBXBuildFile; fileRef = FC71821F2A2E82280095581C /* MarvelComics_SwiftUIUITestsLaunchTests.swift */; };
/* End PBXBuildFile section */

/* Begin PBXContainerItemProxy section */
		FC7182102A2E82280095581C /* PBXContainerItemProxy */ = {
			isa = PBXContainerItemProxy;
			containerPortal = FC7181F72A2E82270095581C /* Project object */;
			proxyType = 1;
			remoteGlobalIDString = FC7181FE2A2E82270095581C;
			remoteInfo = MarvelComics_SwiftUI;
		};
		FC71821A2A2E82280095581C /* PBXContainerItemProxy */ = {
			isa = PBXContainerItemProxy;
			containerPortal = FC7181F72A2E82270095581C /* Project object */;
			proxyType = 1;
			remoteGlobalIDString = FC7181FE2A2E82270095581C;
			remoteInfo = MarvelComics_SwiftUI;
		};
/* End PBXContainerItemProxy section */

/* Begin PBXFileReference section */
		FC7181FF2A2E82270095581C /* MarvelComics_SwiftUI.app */ = {isa = PBXFileReference; explicitFileType = wrapper.application; includeInIndex = 0; path = MarvelComics_SwiftUI.app; sourceTree = BUILT_PRODUCTS_DIR; };
		FC7182022A2E82270095581C /* MarvelComics_SwiftUIApp.swift */ = {isa = PBXFileReference; lastKnownFileType = sourcecode.swift; path = MarvelComics_SwiftUIApp.swift; sourceTree = "<group>"; };
		FC7182042A2E82270095581C /* ContentView.swift */ = {isa = PBXFileReference; lastKnownFileType = sourcecode.swift; path = ContentView.swift; sourceTree = "<group>"; };
		FC7182062A2E82280095581C /* Assets.xcassets */ = {isa = PBXFileReference; lastKnownFileType = folder.assetcatalog; path = Assets.xcassets; sourceTree = "<group>"; };
		FC7182092A2E82280095581C /* Preview Assets.xcassets */ = {isa = PBXFileReference; lastKnownFileType = folder.assetcatalog; path = "Preview Assets.xcassets"; sourceTree = "<group>"; };
		FC71820F2A2E82280095581C /* MarvelComics_SwiftUITests.xctest */ = {isa = PBXFileReference; explicitFileType = wrapper.cfbundle; includeInIndex = 0; path = MarvelComics_SwiftUITests.xctest; sourceTree = BUILT_PRODUCTS_DIR; };
		FC7182132A2E82280095581C /* MarvelComics_SwiftUITests.swift */ = {isa = PBXFileReference; lastKnownFileType = sourcecode.swift; path = MarvelComics_SwiftUITests.swift; sourceTree = "<group>"; };
		FC7182192A2E82280095581C /* MarvelComics_SwiftUIUITests.xctest */ = {isa = PBXFileReference; explicitFileType = wrapper.cfbundle; includeInIndex = 0; path = MarvelComics_SwiftUIUITests.xctest; sourceTree = BUILT_PRODUCTS_DIR; };
		FC71821D2A2E82280095581C /* MarvelComics_SwiftUIUITests.swift */ = {isa = PBXFileReference; lastKnownFileType = sourcecode.swift; path = MarvelComics_SwiftUIUITests.swift; sourceTree = "<group>"; };
		FC71821F2A2E82280095581C /* MarvelComics_SwiftUIUITestsLaunchTests.swift */ = {isa = PBXFileReference; lastKnownFileType = sourcecode.swift; path = MarvelComics_SwiftUIUITestsLaunchTests.swift; sourceTree = "<group>"; };
/* End PBXFileReference section */

/* Begin PBXFrameworksBuildPhase section */
		FC7181FC2A2E82270095581C /* Frameworks */ = {
			isa = PBXFrameworksBuildPhase;
			buildActionMask = 2147483647;
			files = (
			);
			runOnlyForDeploymentPostprocessing = 0;
		};
		FC71820C2A2E82280095581C /* Frameworks */ = {
			isa = PBXFrameworksBuildPhase;
			buildActionMask = 2147483647;
			files = (
			);
			runOnlyForDeploymentPostprocessing = 0;
		};
		FC7182162A2E82280095581C /* Frameworks */ = {
			isa = PBXFrameworksBuildPhase;
			buildActionMask = 2147483647;
			files = (
			);
			runOnlyForDeploymentPostprocessing = 0;
		};
/* End PBXFrameworksBuildPhase section */

/* Begin PBXGroup section */
		FC7181F62A2E82270095581C = {
			isa = PBXGroup;
			children = (
				FC7182012A2E82270095581C /* MarvelComics_SwiftUI */,
				FC7182122A2E82280095581C /* MarvelComics_SwiftUITests */,
				FC71821C2A2E82280095581C /* MarvelComics_SwiftUIUITests */,
				FC7182002A2E82270095581C /* Products */,
			);
			sourceTree = "<group>";
		};
		FC7182002A2E82270095581C /* Products */ = {
			isa = PBXGroup;
			children = (
				FC7181FF2A2E82270095581C /* MarvelComics_SwiftUI.app */,
				FC71820F2A2E82280095581C /* MarvelComics_SwiftUITests.xctest */,
				FC7182192A2E82280095581C /* MarvelComics_SwiftUIUITests.xctest */,
			);
			name = Products;
			sourceTree = "<group>";
		};
		FC7182012A2E82270095581C /* MarvelComics_SwiftUI */ = {
			isa = PBXGroup;
			children = (
				FC7182022A2E82270095581C /* MarvelComics_SwiftUIApp.swift */,
				FC7182042A2E82270095581C /* ContentView.swift */,
				FC7182062A2E82280095581C /* Assets.xcassets */,
				FC7182082A2E82280095581C /* Preview Content */,
			);
			path = MarvelComics_SwiftUI;
			sourceTree = "<group>";
		};
		FC7182082A2E82280095581C /* Preview Content */ = {
			isa = PBXGroup;
			children = (
				FC7182092A2E82280095581C /* Preview Assets.xcassets */,
			);
			path = "Preview Content";
			sourceTree = "<group>";
		};
		FC7182122A2E82280095581C /* MarvelComics_SwiftUITests */ = {
			isa = PBXGroup;
			children = (
				FC7182132A2E82280095581C /* MarvelComics_SwiftUITests.swift */,
			);
			path = MarvelComics_SwiftUITests;
			sourceTree = "<group>";
		};
		FC71821C2A2E82280095581C /* MarvelComics_SwiftUIUITests */ = {
			isa = PBXGroup;
			children = (
				FC71821D2A2E82280095581C /* MarvelComics_SwiftUIUITests.swift */,
				FC71821F2A2E82280095581C /* MarvelComics_SwiftUIUITestsLaunchTests.swift */,
			);
			path = MarvelComics_SwiftUIUITests;
			sourceTree = "<group>";
		};
/* End PBXGroup section */

/* Begin PBXNativeTarget section */
		FC7181FE2A2E82270095581C /* MarvelComics_SwiftUI */ = {
			isa = PBXNativeTarget;
			buildConfigurationList = FC7182232A2E82280095581C /* Build configuration list for PBXNativeTarget "MarvelComics_SwiftUI" */;
			buildPhases = (
				FC7181FB2A2E82270095581C /* Sources */,
				FC7181FC2A2E82270095581C /* Frameworks */,
				FC7181FD2A2E82270095581C /* Resources */,
			);
			buildRules = (
			);
			dependencies = (
			);
			name = MarvelComics_SwiftUI;
			productName = MarvelComics_SwiftUI;
			productReference = FC7181FF2A2E82270095581C /* MarvelComics_SwiftUI.app */;
			productType = "com.apple.product-type.application";
		};
		FC71820E2A2E82280095581C /* MarvelComics_SwiftUITests */ = {
			isa = PBXNativeTarget;
			buildConfigurationList = FC7182262A2E82280095581C /* Build configuration list for PBXNativeTarget "MarvelComics_SwiftUITests" */;
			buildPhases = (
				FC71820B2A2E82280095581C /* Sources */,
				FC71820C2A2E82280095581C /* Frameworks */,
				FC71820D2A2E82280095581C /* Resources */,
			);
			buildRules = (
			);
			dependencies = (
				FC7182112A2E82280095581C /* PBXTargetDependency */,
			);
			name = MarvelComics_SwiftUITests;
			productName = MarvelComics_SwiftUITests;
			productReference = FC71820F2A2E82280095581C /* MarvelComics_SwiftUITests.xctest */;
			productType = "com.apple.product-type.bundle.unit-test";
		};
		FC7182182A2E82280095581C /* MarvelComics_SwiftUIUITests */ = {
			isa = PBXNativeTarget;
			buildConfigurationList = FC7182292A2E82280095581C /* Build configuration list for PBXNativeTarget "MarvelComics_SwiftUIUITests" */;
			buildPhases = (
				FC7182152A2E82280095581C /* Sources */,
				FC7182162A2E82280095581C /* Frameworks */,
				FC7182172A2E82280095581C /* Resources */,
			);
			buildRules = (
			);
			dependencies = (
				FC71821B2A2E82280095581C /* PBXTargetDependency */,
			);
			name = MarvelComics_SwiftUIUITests;
			productName = MarvelComics_SwiftUIUITests;
			productReference = FC7182192A2E82280095581C /* MarvelComics_SwiftUIUITests.xctest */;
			productType = "com.apple.product-type.bundle.ui-testing";
		};
/* End PBXNativeTarget section */

/* Begin PBXProject section */
		FC7181F72A2E82270095581C /* Project object */ = {
			isa = PBXProject;
			attributes = {
				BuildIndependentTargetsInParallel = 1;
				LastSwiftUpdateCheck = 1430;
				LastUpgradeCheck = 1430;
				TargetAttributes = {
					FC7181FE2A2E82270095581C = {
						CreatedOnToolsVersion = 14.3.1;
					};
					FC71820E2A2E82280095581C = {
						CreatedOnToolsVersion = 14.3.1;
						TestTargetID = FC7181FE2A2E82270095581C;
					};
					FC7182182A2E82280095581C = {
						CreatedOnToolsVersion = 14.3.1;
						TestTargetID = FC7181FE2A2E82270095581C;
					};
				};
			};
			buildConfigurationList = FC7181FA2A2E82270095581C /* Build configuration list for PBXProject "MarvelComics_SwiftUI" */;
			compatibilityVersion = "Xcode 14.0";
			developmentRegion = en;
			hasScannedForEncodings = 0;
			knownRegions = (
				en,
				Base,
			);
			mainGroup = FC7181F62A2E82270095581C;
			productRefGroup = FC7182002A2E82270095581C /* Products */;
			projectDirPath = "";
			projectRoot = "";
			targets = (
				FC7181FE2A2E82270095581C /* MarvelComics_SwiftUI */,
				FC71820E2A2E82280095581C /* MarvelComics_SwiftUITests */,
				FC7182182A2E82280095581C /* MarvelComics_SwiftUIUITests */,
			);
		};
/* End PBXProject section */

/* Begin PBXResourcesBuildPhase section */
		FC7181FD2A2E82270095581C /* Resources */ = {
			isa = PBXResourcesBuildPhase;
			buildActionMask = 2147483647;
			files = (
				FC71820A2A2E82280095581C /* Preview Assets.xcassets in Resources */,
				FC7182072A2E82280095581C /* Assets.xcassets in Resources */,
			);
			runOnlyForDeploymentPostprocessing = 0;
		};
		FC71820D2A2E82280095581C /* Resources */ = {
			isa = PBXResourcesBuildPhase;
			buildActionMask = 2147483647;
			files = (
			);
			runOnlyForDeploymentPostprocessing = 0;
		};
		FC7182172A2E82280095581C /* Resources */ = {
			isa = PBXResourcesBuildPhase;
			buildActionMask = 2147483647;
			files = (
			);
			runOnlyForDeploymentPostprocessing = 0;
		};
/* End PBXResourcesBuildPhase section */

/* Begin PBXSourcesBuildPhase section */
		FC7181FB2A2E82270095581C /* Sources */ = {
			isa = PBXSourcesBuildPhase;
			buildActionMask = 2147483647;
			files = (
				FC7182052A2E82270095581C /* ContentView.swift in Sources */,
				FC7182032A2E82270095581C /* MarvelComics_SwiftUIApp.swift in Sources */,
			);
			runOnlyForDeploymentPostprocessing = 0;
		};
		FC71820B2A2E82280095581C /* Sources */ = {
			isa = PBXSourcesBuildPhase;
			buildActionMask = 2147483647;
			files = (
				FC7182142A2E82280095581C /* MarvelComics_SwiftUITests.swift in Sources */,
			);
			runOnlyForDeploymentPostprocessing = 0;
		};
		FC7182152A2E82280095581C /* Sources */ = {
			isa = PBXSourcesBuildPhase;
			buildActionMask = 2147483647;
			files = (
				FC71821E2A2E82280095581C /* MarvelComics_SwiftUIUITests.swift in Sources */,
				FC7182202A2E82280095581C /* MarvelComics_SwiftUIUITestsLaunchTests.swift in Sources */,
			);
			runOnlyForDeploymentPostprocessing = 0;
		};
/* End PBXSourcesBuildPhase section */

/* Begin PBXTargetDependency section */
		FC7182112A2E82280095581C /* PBXTargetDependency */ = {
			isa = PBXTargetDependency;
			target = FC7181FE2A2E82270095581C /* MarvelComics_SwiftUI */;
			targetProxy = FC7182102A2E82280095581C /* PBXContainerItemProxy */;
		};
		FC71821B2A2E82280095581C /* PBXTargetDependency */ = {
			isa = PBXTargetDependency;
			target = FC7181FE2A2E82270095581C /* MarvelComics_SwiftUI */;
			targetProxy = FC71821A2A2E82280095581C /* PBXContainerItemProxy */;
		};
/* End PBXTargetDependency section */

/* Begin XCBuildConfiguration section */
		FC7182212A2E82280095581C /* Debug */ = {
			isa = XCBuildConfiguration;
			buildSettings = {
				ALWAYS_SEARCH_USER_PATHS = NO;
				CLANG_ANALYZER_NONNULL = YES;
				CLANG_ANALYZER_NUMBER_OBJECT_CONVERSION = YES_AGGRESSIVE;
				CLANG_CXX_LANGUAGE_STANDARD = "gnu++20";
				CLANG_ENABLE_MODULES = YES;
				CLANG_ENABLE_OBJC_ARC = YES;
				CLANG_ENABLE_OBJC_WEAK = YES;
				CLANG_WARN_BLOCK_CAPTURE_AUTORELEASING = YES;
				CLANG_WARN_BOOL_CONVERSION = YES;
				CLANG_WARN_COMMA = YES;
				CLANG_WARN_CONSTANT_CONVERSION = YES;
				CLANG_WARN_DEPRECATED_OBJC_IMPLEMENTATIONS = YES;
				CLANG_WARN_DIRECT_OBJC_ISA_USAGE = YES_ERROR;
				CLANG_WARN_DOCUMENTATION_COMMENTS = YES;
				CLANG_WARN_EMPTY_BODY = YES;
				CLANG_WARN_ENUM_CONVERSION = YES;
				CLANG_WARN_INFINITE_RECURSION = YES;
				CLANG_WARN_INT_CONVERSION = YES;
				CLANG_WARN_NON_LITERAL_NULL_CONVERSION = YES;
				CLANG_WARN_OBJC_IMPLICIT_RETAIN_SELF = YES;
				CLANG_WARN_OBJC_LITERAL_CONVERSION = YES;
				CLANG_WARN_OBJC_ROOT_CLASS = YES_ERROR;
				CLANG_WARN_QUOTED_INCLUDE_IN_FRAMEWORK_HEADER = YES;
				CLANG_WARN_RANGE_LOOP_ANALYSIS = YES;
				CLANG_WARN_STRICT_PROTOTYPES = YES;
				CLANG_WARN_SUSPICIOUS_MOVE = YES;
				CLANG_WARN_UNGUARDED_AVAILABILITY = YES_AGGRESSIVE;
				CLANG_WARN_UNREACHABLE_CODE = YES;
				CLANG_WARN__DUPLICATE_METHOD_MATCH = YES;
				COPY_PHASE_STRIP = NO;
				DEBUG_INFORMATION_FORMAT = dwarf;
				ENABLE_STRICT_OBJC_MSGSEND = YES;
				ENABLE_TESTABILITY = YES;
				GCC_C_LANGUAGE_STANDARD = gnu11;
				GCC_DYNAMIC_NO_PIC = NO;
				GCC_NO_COMMON_BLOCKS = YES;
				GCC_OPTIMIZATION_LEVEL = 0;
				GCC_PREPROCESSOR_DEFINITIONS = (
					"DEBUG=1",
					"$(inherited)",
				);
				GCC_WARN_64_TO_32_BIT_CONVERSION = YES;
				GCC_WARN_ABOUT_RETURN_TYPE = YES_ERROR;
				GCC_WARN_UNDECLARED_SELECTOR = YES;
				GCC_WARN_UNINITIALIZED_AUTOS = YES_AGGRESSIVE;
				GCC_WARN_UNUSED_FUNCTION = YES;
				GCC_WARN_UNUSED_VARIABLE = YES;
				IPHONEOS_DEPLOYMENT_TARGET = 16.4;
				MTL_ENABLE_DEBUG_INFO = INCLUDE_SOURCE;
				MTL_FAST_MATH = YES;
				ONLY_ACTIVE_ARCH = YES;
				SDKROOT = iphoneos;
				SWIFT_ACTIVE_COMPILATION_CONDITIONS = DEBUG;
				SWIFT_OPTIMIZATION_LEVEL = "-Onone";
			};
			name = Debug;
		};
		FC7182222A2E82280095581C /* Release */ = {
			isa = XCBuildConfiguration;
			buildSettings = {
				ALWAYS_SEARCH_USER_PATHS = NO;
				CLANG_ANALYZER_NONNULL = YES;
				CLANG_ANALYZER_NUMBER_OBJECT_CONVERSION = YES_AGGRESSIVE;
				CLANG_CXX_LANGUAGE_STANDARD = "gnu++20";
				CLANG_ENABLE_MODULES = YES;
				CLANG_ENABLE_OBJC_ARC = YES;
				CLANG_ENABLE_OBJC_WEAK = YES;
				CLANG_WARN_BLOCK_CAPTURE_AUTORELEASING = YES;
				CLANG_WARN_BOOL_CONVERSION = YES;
				CLANG_WARN_COMMA = YES;
				CLANG_WARN_CONSTANT_CONVERSION = YES;
				CLANG_WARN_DEPRECATED_OBJC_IMPLEMENTATIONS = YES;
				CLANG_WARN_DIRECT_OBJC_ISA_USAGE = YES_ERROR;
				CLANG_WARN_DOCUMENTATION_COMMENTS = YES;
				CLANG_WARN_EMPTY_BODY = YES;
				CLANG_WARN_ENUM_CONVERSION = YES;
				CLANG_WARN_INFINITE_RECURSION = YES;
				CLANG_WARN_INT_CONVERSION = YES;
				CLANG_WARN_NON_LITERAL_NULL_CONVERSION = YES;
				CLANG_WARN_OBJC_IMPLICIT_RETAIN_SELF = YES;
				CLANG_WARN_OBJC_LITERAL_CONVERSION = YES;
				CLANG_WARN_OBJC_ROOT_CLASS = YES_ERROR;
				CLANG_WARN_QUOTED_INCLUDE_IN_FRAMEWORK_HEADER = YES;
				CLANG_WARN_RANGE_LOOP_ANALYSIS = YES;
				CLANG_WARN_STRICT_PROTOTYPES = YES;
				CLANG_WARN_SUSPICIOUS_MOVE = YES;
				CLANG_WARN_UNGUARDED_AVAILABILITY = YES_AGGRESSIVE;
				CLANG_WARN_UNREACHABLE_CODE = YES;
				CLANG_WARN__DUPLICATE_METHOD_MATCH = YES;
				COPY_PHASE_STRIP = NO;
				DEBUG_INFORMATION_FORMAT = "dwarf-with-dsym";
				ENABLE_NS_ASSERTIONS = NO;
				ENABLE_STRICT_OBJC_MSGSEND = YES;
				GCC_C_LANGUAGE_STANDARD = gnu11;
				GCC_NO_COMMON_BLOCKS = YES;
				GCC_WARN_64_TO_32_BIT_CONVERSION = YES;
				GCC_WARN_ABOUT_RETURN_TYPE = YES_ERROR;
				GCC_WARN_UNDECLARED_SELECTOR = YES;
				GCC_WARN_UNINITIALIZED_AUTOS = YES_AGGRESSIVE;
				GCC_WARN_UNUSED_FUNCTION = YES;
				GCC_WARN_UNUSED_VARIABLE = YES;
				IPHONEOS_DEPLOYMENT_TARGET = 16.4;
				MTL_ENABLE_DEBUG_INFO = NO;
				MTL_FAST_MATH = YES;
				SDKROOT = iphoneos;
				SWIFT_COMPILATION_MODE = wholemodule;
				SWIFT_OPTIMIZATION_LEVEL = "-O";
				VALIDATE_PRODUCT = YES;
			};
			name = Release;
		};
		FC7182242A2E82280095581C /* Debug */ = {
			isa = XCBuildConfiguration;
			buildSettings = {
				ASSETCATALOG_COMPILER_APPICON_NAME = AppIcon;
				ASSETCATALOG_COMPILER_GLOBAL_ACCENT_COLOR_NAME = AccentColor;
				CODE_SIGN_STYLE = Automatic;
				CURRENT_PROJECT_VERSION = 1;
				DEVELOPMENT_ASSET_PATHS = "\"MarvelComics_SwiftUI/Preview Content\"";
				DEVELOPMENT_TEAM = SAZ5K2949S;
				ENABLE_PREVIEWS = YES;
				GENERATE_INFOPLIST_FILE = YES;
				INFOPLIST_KEY_UIApplicationSceneManifest_Generation = YES;
				INFOPLIST_KEY_UIApplicationSupportsIndirectInputEvents = YES;
				INFOPLIST_KEY_UILaunchScreen_Generation = YES;
				INFOPLIST_KEY_UISupportedInterfaceOrientations_iPad = "UIInterfaceOrientationPortrait UIInterfaceOrientationPortraitUpsideDown UIInterfaceOrientationLandscapeLeft UIInterfaceOrientationLandscapeRight";
				INFOPLIST_KEY_UISupportedInterfaceOrientations_iPhone = "UIInterfaceOrientationPortrait UIInterfaceOrientationLandscapeLeft UIInterfaceOrientationLandscapeRight";
				LD_RUNPATH_SEARCH_PATHS = (
					"$(inherited)",
					"@executable_path/Frameworks",
				);
				MARKETING_VERSION = 1.0;
				PRODUCT_BUNDLE_IDENTIFIER = "com.ladtechnologies.MarvelComics-SwiftUI";
				PRODUCT_NAME = "$(TARGET_NAME)";
				SWIFT_EMIT_LOC_STRINGS = YES;
				SWIFT_VERSION = 5.0;
				TARGETED_DEVICE_FAMILY = "1,2";
			};
			name = Debug;
		};
		FC7182252A2E82280095581C /* Release */ = {
			isa = XCBuildConfiguration;
			buildSettings = {
				ASSETCATALOG_COMPILER_APPICON_NAME = AppIcon;
				ASSETCATALOG_COMPILER_GLOBAL_ACCENT_COLOR_NAME = AccentColor;
				CODE_SIGN_STYLE = Automatic;
				CURRENT_PROJECT_VERSION = 1;
				DEVELOPMENT_ASSET_PATHS = "\"MarvelComics_SwiftUI/Preview Content\"";
				DEVELOPMENT_TEAM = SAZ5K2949S;
				ENABLE_PREVIEWS = YES;
				GENERATE_INFOPLIST_FILE = YES;
				INFOPLIST_KEY_UIApplicationSceneManifest_Generation = YES;
				INFOPLIST_KEY_UIApplicationSupportsIndirectInputEvents = YES;
				INFOPLIST_KEY_UILaunchScreen_Generation = YES;
				INFOPLIST_KEY_UISupportedInterfaceOrientations_iPad = "UIInterfaceOrientationPortrait UIInterfaceOrientationPortraitUpsideDown UIInterfaceOrientationLandscapeLeft UIInterfaceOrientationLandscapeRight";
				INFOPLIST_KEY_UISupportedInterfaceOrientations_iPhone = "UIInterfaceOrientationPortrait UIInterfaceOrientationLandscapeLeft UIInterfaceOrientationLandscapeRight";
				LD_RUNPATH_SEARCH_PATHS = (
					"$(inherited)",
					"@executable_path/Frameworks",
				);
				MARKETING_VERSION = 1.0;
				PRODUCT_BUNDLE_IDENTIFIER = "com.ladtechnologies.MarvelComics-SwiftUI";
				PRODUCT_NAME = "$(TARGET_NAME)";
				SWIFT_EMIT_LOC_STRINGS = YES;
				SWIFT_VERSION = 5.0;
				TARGETED_DEVICE_FAMILY = "1,2";
			};
			name = Release;
		};
		FC7182272A2E82280095581C /* Debug */ = {
			isa = XCBuildConfiguration;
			buildSettings = {
				ALWAYS_EMBED_SWIFT_STANDARD_LIBRARIES = YES;
				BUNDLE_LOADER = "$(TEST_HOST)";
				CODE_SIGN_STYLE = Automatic;
				CURRENT_PROJECT_VERSION = 1;
				DEVELOPMENT_TEAM = SAZ5K2949S;
				GENERATE_INFOPLIST_FILE = YES;
				IPHONEOS_DEPLOYMENT_TARGET = 16.4;
				MARKETING_VERSION = 1.0;
				PRODUCT_BUNDLE_IDENTIFIER = "com.ladtechnologies.MarvelComics-SwiftUITests";
				PRODUCT_NAME = "$(TARGET_NAME)";
				SWIFT_EMIT_LOC_STRINGS = NO;
				SWIFT_VERSION = 5.0;
				TARGETED_DEVICE_FAMILY = "1,2";
				TEST_HOST = "$(BUILT_PRODUCTS_DIR)/MarvelComics_SwiftUI.app/$(BUNDLE_EXECUTABLE_FOLDER_PATH)/MarvelComics_SwiftUI";
			};
			name = Debug;
		};
		FC7182282A2E82280095581C /* Release */ = {
			isa = XCBuildConfiguration;
			buildSettings = {
				ALWAYS_EMBED_SWIFT_STANDARD_LIBRARIES = YES;
				BUNDLE_LOADER = "$(TEST_HOST)";
				CODE_SIGN_STYLE = Automatic;
				CURRENT_PROJECT_VERSION = 1;
				DEVELOPMENT_TEAM = SAZ5K2949S;
				GENERATE_INFOPLIST_FILE = YES;
				IPHONEOS_DEPLOYMENT_TARGET = 16.4;
				MARKETING_VERSION = 1.0;
				PRODUCT_BUNDLE_IDENTIFIER = "com.ladtechnologies.MarvelComics-SwiftUITests";
				PRODUCT_NAME = "$(TARGET_NAME)";
				SWIFT_EMIT_LOC_STRINGS = NO;
				SWIFT_VERSION = 5.0;
				TARGETED_DEVICE_FAMILY = "1,2";
				TEST_HOST = "$(BUILT_PRODUCTS_DIR)/MarvelComics_SwiftUI.app/$(BUNDLE_EXECUTABLE_FOLDER_PATH)/MarvelComics_SwiftUI";
			};
			name = Release;
		};
		FC71822A2A2E82280095581C /* Debug */ = {
			isa = XCBuildConfiguration;
			buildSettings = {
				ALWAYS_EMBED_SWIFT_STANDARD_LIBRARIES = YES;
				CODE_SIGN_STYLE = Automatic;
				CURRENT_PROJECT_VERSION = 1;
				DEVELOPMENT_TEAM = SAZ5K2949S;
				GENERATE_INFOPLIST_FILE = YES;
				MARKETING_VERSION = 1.0;
				PRODUCT_BUNDLE_IDENTIFIER = "com.ladtechnologies.MarvelComics-SwiftUIUITests";
				PRODUCT_NAME = "$(TARGET_NAME)";
				SWIFT_EMIT_LOC_STRINGS = NO;
				SWIFT_VERSION = 5.0;
				TARGETED_DEVICE_FAMILY = "1,2";
				TEST_TARGET_NAME = MarvelComics_SwiftUI;
			};
			name = Debug;
		};
		FC71822B2A2E82280095581C /* Release */ = {
			isa = XCBuildConfiguration;
			buildSettings = {
				ALWAYS_EMBED_SWIFT_STANDARD_LIBRARIES = YES;
				CODE_SIGN_STYLE = Automatic;
				CURRENT_PROJECT_VERSION = 1;
				DEVELOPMENT_TEAM = SAZ5K2949S;
				GENERATE_INFOPLIST_FILE = YES;
				MARKETING_VERSION = 1.0;
				PRODUCT_BUNDLE_IDENTIFIER = "com.ladtechnologies.MarvelComics-SwiftUIUITests";
				PRODUCT_NAME = "$(TARGET_NAME)";
				SWIFT_EMIT_LOC_STRINGS = NO;
				SWIFT_VERSION = 5.0;
				TARGETED_DEVICE_FAMILY = "1,2";
				TEST_TARGET_NAME = MarvelComics_SwiftUI;
			};
			name = Release;
		};
/* End XCBuildConfiguration section */

/* Begin XCConfigurationList section */
		FC7181FA2A2E82270095581C /* Build configuration list for PBXProject "MarvelComics_SwiftUI" */ = {
			isa = XCConfigurationList;
			buildConfigurations = (
				FC7182212A2E82280095581C /* Debug */,
				FC7182222A2E82280095581C /* Release */,
			);
			defaultConfigurationIsVisible = 0;
			defaultConfigurationName = Release;
		};
		FC7182232A2E82280095581C /* Build configuration list for PBXNativeTarget "MarvelComics_SwiftUI" */ = {
			isa = XCConfigurationList;
			buildConfigurations = (
				FC7182242A2E82280095581C /* Debug */,
				FC7182252A2E82280095581C /* Release */,
			);
			defaultConfigurationIsVisible = 0;
			defaultConfigurationName = Release;
		};
		FC7182262A2E82280095581C /* Build configuration list for PBXNativeTarget "MarvelComics_SwiftUITests" */ = {
			isa = XCConfigurationList;
			buildConfigurations = (
				FC7182272A2E82280095581C /* Debug */,
				FC7182282A2E82280095581C /* Release */,
			);
			defaultConfigurationIsVisible = 0;
			defaultConfigurationName = Release;
		};
		FC7182292A2E82280095581C /* Build configuration list for PBXNativeTarget "MarvelComics_SwiftUIUITests" */ = {
			isa = XCConfigurationList;
			buildConfigurations = (
				FC71822A2A2E82280095581C /* Debug */,
				FC71822B2A2E82280095581C /* Release */,
			);
			defaultConfigurationIsVisible = 0;
			defaultConfigurationName = Release;
		};
/* End XCConfigurationList section */
	};
	rootObject = FC7181F72A2E82270095581C /* Project object */;
}
